
Microsoft Visual Studio Solution File, Format Version 12.00
# Visual Studio Version 16
VisualStudioVersion = 16.0.31702.278
MinimumVisualStudioVersion = 10.0.40219.1
Project("{FAE04EC0-301F-11D3-BF4B-00C04F79EFBC}") = "FPGame", "FPGame\FPGame.csproj", "{773FD236-0F1B-44C5-A595-930E55E8A13D}"
EndProject
Global
	GlobalSection(SolutionConfigurationPlatforms) = preSolution
		Debug|Any CPU = Debug|Any CPU
		Release|Any CPU = Release|Any CPU
	EndGlobalSection
	GlobalSection(ProjectConfigurationPlatforms) = postSolution
		{773FD236-0F1B-44C5-A595-930E55E8A13D}.Debug|Any CPU.ActiveCfg = Debug|Any CPU
		{773FD236-0F1B-44C5-A595-930E55E8A13D}.Debug|Any CPU.Build.0 = Debug|Any CPU
		{773FD236-0F1B-44C5-A595-930E55E8A13D}.Release|Any CPU.ActiveCfg = Release|Any CPU
		{773FD236-0F1B-44C5-A595-930E55E8A13D}.Release|Any CPU.Build.0 = Release|Any CPU
	EndGlobalSection
	GlobalSection(SolutionProperties) = preSolution
		HideSolutionNode = FALSE
	EndGlobalSection
	GlobalSection(ExtensibilityGlobals) = postSolution
		SolutionGuid = {1842F358-6895-4417-BE93-9C7D92780C9D}
	EndGlobalSection
EndGlobal
